{
  "name": "sample-location-wechat",
  "version": "0.0.0",
  "lockfileVersion": 3,
  "requires": true,
  "packages": {
    "": {
      "name": "sample-location-wechat",
      "version": "0.0.0",
      "license": "ISC",
      "dependencies": {
        "@mini-dev/location": "file:..",
        "koa-compose": "^4.1.0"
      }
    },
    "..": {
      "name": "@mini-dev/location",
      "version": "0.1.0",
      "license": "ISC",
      "dependencies": {
        "koa-compose": "^4.0.0"
      },
      "devDependencies": {
        "@types/jest": "^29.5.0",
        "@types/node": "^20.0.0",
        "jest": "^29.7.0",
        "rimraf": "^6.1.3",
        "ts-jest": "^29.1.0",
        "tsdown": "^0.22.14",
        "typescript": "^5.0.0"
      }
    },
    "node_modules/@mini-dev/location": {
      "resolved": "..",
      "link": true
    },
    "node_modules/koa-compose": {
      "version": "4.1.0",
      "resolved": "https://registry.npmjs.org/koa-compose/-/koa-compose-4.1.0.tgz",
      "integrity": "sha512-8ODW8TrDuMYvXRwra/Kh7/rJo9BtOfPc6qO8eAfC80CnCvSjSl0bkRM24X6/XBBEyj0v1nRUQ1LyOy3dbqOWXw==",
      "license": "MIT"
    }
  }
}
